// !$*UTF8*$!
{
	archiveVersion = 1;
	classes = {
	};
	objectVersion = 55;
	objects = {

/* Begin PBXBuildFile section */
		04E4D792A65C66A24D14B801 /* UserProfile.swift in Sources */ = {isa = PBXBuildFile; fileRef = 9891637274E3D07ED977CEC5 /* UserProfile.swift */; };
		059D9577CDD77578FB8D6668 /* Clerk_ClerkKitUI.bundle in Resources */ = {isa = PBXBuildFile; fileRef = 235911560BC05DFA440783E5 /* Clerk_ClerkKitUI.bundle */; };
		0837AC63C3F82DFF3F92E1BA /* Persistence.swift in Sources */ = {isa = PBXBuildFile; fileRef = 8E8B0CF45973472B9361542E /* Persistence.swift */; };
		0B14FA9099E8CAF1BC3BEF4A /* Role.swift in Sources */ = {isa = PBXBuildFile; fileRef = E43174C0DC9E812D86F752F1 /* Role.swift */; };
		11535EA64011F2FB0A9E35F3 /* RoleStyle.swift in Sources */ = {isa = PBXBuildFile; fileRef = 3C10CCC5F577743C7B6A6A29 /* RoleStyle.swift */; };
		117E861DB46734468703AE6B /* ClerkConvex.framework in Frameworks */ = {isa = PBXBuildFile; fileRef = 57A863A38BD0B44BCCF6CFBE /* ClerkConvex.framework */; };
		139CC9C753980BD67A93A8D4 /* GameState.swift in Sources */ = {isa = PBXBuildFile; fileRef = FFCF89E92637EE6E6DFA57C8 /* GameState.swift */; };
		156180B7C9E1408A04654CDD /* NightWakeUpView.swift in Sources */ = {isa = PBXBuildFile; fileRef = 4A33149C57263B43F9D1B65B /* NightWakeUpView.swift */; };
		1911BB54982E53C33FCF1D55 /* NukeUI.framework in Frameworks */ = {isa = PBXBuildFile; fileRef = 7A9D67BB1A0399BED77A3EDE /* NukeUI.framework */; };
		2166B81EC218083D2E3897C3 /* PhoneNumberKit_PhoneNumberKit.bundle in Resources */ = {isa = PBXBuildFile; fileRef = 67017A4D1045DB0001CDAA48 /* PhoneNumberKit_PhoneNumberKit.bundle */; };
		245F9BA4FBA182015AF964AF /* MultiplayerVoteDeathRevealView.swift in Sources */ = {isa = PBXBuildFile; fileRef = 57FA3D5BA30123EDCCA333B5 /* MultiplayerVoteDeathRevealView.swift */; };
		2CCA8E76A0D1B55045018BD5 /* MultiplayerMenuView.swift in Sources */ = {isa = PBXBuildFile; fileRef = 0221E3D8F2B7BE09934D0F51 /* MultiplayerMenuView.swift */; };
		2D580A095C0D6CC57E0C0D58 /* JoinGameView.swift in Sources */ = {isa = PBXBuildFile; fileRef = 9AE22A0634FE91E7CB2F991D /* JoinGameView.swift */; };
		2F26C1EB6E25BDFB6E237684 /* BotDecisionService.swift in Sources */ = {isa = PBXBuildFile; fileRef = 194B9A47D46496648052422E /* BotDecisionService.swift */; };
		2FDF41624966681C55F048BB /* GameOverView.swift in Sources */ = {isa = PBXBuildFile; fileRef = 39C9878B9BAA40647744BDC8 /* GameOverView.swift */; };
		30A7AE600932A97270627241 /* GameStore.swift in Sources */ = {isa = PBXBuildFile; fileRef = B069793449575B9C968837DE /* GameStore.swift */; };
		3102B595E9507A3C96D86236 /* Assets.xcassets in Resources */ = {isa = PBXBuildFile; fileRef = 36D02B805632EF47213380F7 /* Assets.xcassets */; };
		313064B90424AAFF9A3DE068 /* AssignmentsView.swift in Sources */ = {isa = PBXBuildFile; fileRef = 88168DA8618CC11B6B7384EC /* AssignmentsView.swift */; };
		331020CC377FD3AF71B1EEC6 /* AuthService.swift in Sources */ = {isa = PBXBuildFile; fileRef = FD0F6FB737236EE214C3CE0D /* AuthService.swift */; };
		363E3E7B602285A6E3781B84 /* MultiplayerRoleRevealView.swift in Sources */ = {isa = PBXBuildFile; fileRef = BF31B6F5DDC984F356695835 /* MultiplayerRoleRevealView.swift */; };
		376D1A9BD056679FCBDDD002 /* VotingSession.swift in Sources */ = {isa = PBXBuildFile; fileRef = 675F15E4E35C4B0E173A3660 /* VotingSession.swift */; };
		3C83257DD6DEE4A69068B72F /* ProfileView.swift in Sources */ = {isa = PBXBuildFile; fileRef = 881A74A000FDEB2E971418F1 /* ProfileView.swift */; };
		3CB27754554CB43196F0F348 /* CustomRoleConfig.swift in Sources */ = {isa = PBXBuildFile; fileRef = B199AAC22DB1EEDA4B520168 /* CustomRoleConfig.swift */; };
		3FFA6C2484F8607A011B1E37 /* ClerkKitUI.framework in Frameworks */ = {isa = PBXBuildFile; fileRef = 5E2932FB21B3780D4C417D92 /* ClerkKitUI.framework */; };
		454FDD39DD669978BDBEF681 /* Nuke.framework in Frameworks */ = {isa = PBXBuildFile; fileRef = 4BC88ABCA453C522E916F2D5 /* Nuke.framework */; };
		4C3162B123466DC5D135783E /* KeychainHelper.swift in Sources */ = {isa = PBXBuildFile; fileRef = 4A270561FA8F64DCC23FC730 /* KeychainHelper.swift */; };
		4C7393FE0B54B9D0B823639D /* InputValidator.swift in Sources */ = {isa = PBXBuildFile; fileRef = 5FE7E68ADB9B7F91D1E14789 /* InputValidator.swift */; };
		4D3FAF1B36283DC21B7BA41F /* RoleRevealView.swift in Sources */ = {isa = PBXBuildFile; fileRef = 0A02C122A7E1DCCE4153DA90 /* RoleRevealView.swift */; };
		4D56388561282EE98D29C484 /* SetupView.swift in Sources */ = {isa = PBXBuildFile; fileRef = AE7F706932D21CC1B8FFCA9E /* SetupView.swift */; };
		4EF20B8C4446D8F01CA6D2CC /* TuistAssets+MafiaManager.swift in Sources */ = {isa = PBXBuildFile; fileRef = 41FBD3CF6BE4D89D7F7581A7 /* TuistAssets+MafiaManager.swift */; };
		514C218982C30EDB43D97286 /* DayAction.swift in Sources */ = {isa = PBXBuildFile; fileRef = 4E2B7AA2163C4E31E817436A /* DayAction.swift */; };
		530AC54E73D5587F77BC8679 /* NightOutcomeView.swift in Sources */ = {isa = PBXBuildFile; fileRef = A6F81B1598C46CD560343E4E /* NightOutcomeView.swift */; };
		53327646E2CD9749F25499F6 /* MorningSummaryView.swift in Sources */ = {isa = PBXBuildFile; fileRef = CBB838310A369541CE74AF55 /* MorningSummaryView.swift */; };
		5B1D1D3456F7CA08560C6C2A /* VotingView.swift in Sources */ = {isa = PBXBuildFile; fileRef = CA58228924FC98692B63CE51 /* VotingView.swift */; };
		5FF8B0BD3F82A25F6BC3F0E9 /* GuestNameInputView.swift in Sources */ = {isa = PBXBuildFile; fileRef = 505246F8352BA44A9D76696D /* GuestNameInputView.swift */; };
		602CB5498C6326B83015E9CD /* ConvexService.swift in Sources */ = {isa = PBXBuildFile; fileRef = 0207A94C03D3E15390DBF017 /* ConvexService.swift */; };
		611BDDBC1D31698850EA0E97 /* MultiplayerVotingView.swift in Sources */ = {isa = PBXBuildFile; fileRef = 97162209351EF554554CC159 /* MultiplayerVotingView.swift */; };
		636196ED757F112DA940B40F /* PlayerStatsView.swift in Sources */ = {isa = PBXBuildFile; fileRef = 2A987066997CCA60B2B0F00C /* PlayerStatsView.swift */; };
		68D06E389AD06FAF9574828E /* PrivacyInfo.xcprivacy in Resources */ = {isa = PBXBuildFile; fileRef = 6FEA6F261D60B4FC9F8E6B6B /* PrivacyInfo.xcprivacy */; };
		6ADBA6DEFBEF5826E79CA270 /* PrivacyBlurView.swift in Sources */ = {isa = PBXBuildFile; fileRef = 728D147A4E511CD5EDA1B63E /* PrivacyBlurView.swift */; };
		6B367CDDFA0740AB91DAAA07 /* LoginView.swift in Sources */ = {isa = PBXBuildFile; fileRef = 31CFB762B61EF2BC84BDBEAF /* LoginView.swift */; };
		6C7043C8973F448FDD64810C /* QuickStartSheet.swift in Sources */ = {isa = PBXBuildFile; fileRef = 12D65F2B24BB24EB844D7663 /* QuickStartSheet.swift */; };
		6EAFB13A8178319479569611 /* AuthStore.swift in Sources */ = {isa = PBXBuildFile; fileRef = 93EE1E048F3249B4B22D1FFD /* AuthStore.swift */; };
		70828131B35C3A7070C2474B /* SessionService.swift in Sources */ = {isa = PBXBuildFile; fileRef = A6D0475004635445C3CF22A3 /* SessionService.swift */; };
		730A63AE7951CBA1103F4D16 /* Clerk_ClerkKitUI.bundle in Dependencies */ = {isa = PBXBuildFile; fileRef = 235911560BC05DFA440783E5 /* Clerk_ClerkKitUI.bundle */; };
		75763BFC49D4E331209B7CC6 /* MultiplayerVotingResultsView.swift in Sources */ = {isa = PBXBuildFile; fileRef = 0028C6358D9D5D74A21BA47D /* MultiplayerVotingResultsView.swift */; };
		7E0436564F059661C7389B68 /* GameStoreTests.swift in Sources */ = {isa = PBXBuildFile; fileRef = A0342891BA342790B3D72E97 /* GameStoreTests.swift */; };
		80C560C8F7FAB5279235818F /* GameModeSelectionView.swift in Sources */ = {isa = PBXBuildFile; fileRef = 915F85AC325F3EC3095C151D /* GameModeSelectionView.swift */; };
		854B909A0224CF6D8B90AB9F /* SessionPlayer.swift in Sources */ = {isa = PBXBuildFile; fileRef = 3CBFE44727CFAE50FBA8E262 /* SessionPlayer.swift */; };
		8A3C605203D85A61C88D0FB9 /* PhoneNumberKit.framework in Frameworks */ = {isa = PBXBuildFile; fileRef = 0DED44968DC5183C7D49FEF0 /* PhoneNumberKit.framework */; };
		8A9E4ABE842DA25C61CA2894 /* ClerkKit.framework in Frameworks */ = {isa = PBXBuildFile; fileRef = E9BA1619BAFA031D7400FF68 /* ClerkKit.framework */; };
		8B0804959399A8A22A92447E /* MultiplayerLobbyView.swift in Sources */ = {isa = PBXBuildFile; fileRef = ED6081D60851E8D250414119 /* MultiplayerLobbyView.swift */; };
		8CFA7C0E1EEB1C21F2EC8E4C /* wakeup_rooster.wav in Resources */ = {isa = PBXBuildFile; fileRef = 5AB96224DA99AF30E2981EEA /* wakeup_rooster.wav */; };
		8EE0283423A9691F5BF0973A /* RoleCardPalette.swift in Sources */ = {isa = PBXBuildFile; fileRef = EB131BD1703DEE94813C53BD /* RoleCardPalette.swift */; };
		9272DE22EC2BAF070A67763D /* DeathRevealView.swift in Sources */ = {isa = PBXBuildFile; fileRef = 32039AD1B5151DCFE0D17531 /* DeathRevealView.swift */; };
		947419F20D8B7FFA150CFD98 /* DesignSystem.swift in Sources */ = {isa = PBXBuildFile; fileRef = 47376DF130570A513F9830E8 /* DesignSystem.swift */; };
		987535456274A7A2FE865DF9 /* PhoneNumberKit_PhoneNumberKit.bundle in Dependencies */ = {isa = PBXBuildFile; fileRef = 67017A4D1045DB0001CDAA48 /* PhoneNumberKit_PhoneNumberKit.bundle */; };
		9BAE269051ACAD303F1F98B3 /* doctor_ecg.wav in Resources */ = {isa = PBXBuildFile; fileRef = 155E620D9A4BE2F71B1AA26D /* doctor_ecg.wav */; };
		9CE5EE9A7CBE4FE44E17CA31 /* VoteResultsView.swift in Sources */ = {isa = PBXBuildFile; fileRef = 0EC9EEFB25DB528CC5555DF9 /* VoteResultsView.swift */; };
		9FB2B67C7C377A94F8A3E56B /* TuistBundle+MafiaManager.swift in Sources */ = {isa = PBXBuildFile; fileRef = 610DF63A23B55FD8CFF93796 /* TuistBundle+MafiaManager.swift */; };
		A15338C72F1DC085F341CC54 /* IntroView.swift in Sources */ = {isa = PBXBuildFile; fileRef = 296F7D5D5D82298EB4028369 /* IntroView.swift */; };
		A2490E6EE72D994E10152C1D /* UniFFI.framework in Frameworks */ = {isa = PBXBuildFile; fileRef = C5B96A80793076BE8A863031 /* UniFFI.framework */; };
		A4A19DB905BF3B6B918C7475 /* NightPhaseView.swift in Sources */ = {isa = PBXBuildFile; fileRef = C7345913C6CB1CF0CE87204C /* NightPhaseView.swift */; };
		A9AFFE74FF17C85E80B9511E /* mafia_managerApp.swift in Sources */ = {isa = PBXBuildFile; fileRef = B32A359FCAA04633188D41D5 /* mafia_managerApp.swift */; };
		AC5419012FDDBE7EF33DD152 /* NightAction.swift in Sources */ = {isa = PBXBuildFile; fileRef = 576EAE7CF078E8F967EA9051 /* NightAction.swift */; };
		AF25EC67F87A8384BDA3ECDE /* BotVotingRevealView.swift in Sources */ = {isa = PBXBuildFile; fileRef = 7CDB6FEF38DBAAD69D903FEE /* BotVotingRevealView.swift */; };
		B07908C35C3CAC88AAEA6037 /* Player.swift in Sources */ = {isa = PBXBuildFile; fileRef = 1D66741ED5970F59F8365E2E /* Player.swift */; };
		B08D17CDFDA0E52A0587DC28 /* SignupVerificationView.swift in Sources */ = {isa = PBXBuildFile; fileRef = 9A3DC26119C9D2FDAFE09DD3 /* SignupVerificationView.swift */; };
		B0EC4F191EDF39F020F14FE7 /* libconvexmobile-rs.xcframework in Frameworks */ = {isa = PBXBuildFile; fileRef = FF973E899C295FF8E5F9B748 /* libconvexmobile-rs.xcframework */; };
		B333DCD77DC8907AD2E2730C /* DatabaseService.swift in Sources */ = {isa = PBXBuildFile; fileRef = 63D6DD68E21901580152D205 /* DatabaseService.swift */; };
		C00F253B9EB59251418EA344 /* PlayerStats.swift in Sources */ = {isa = PBXBuildFile; fileRef = C52CF4CB5D7EC9FF6D40F948 /* PlayerStats.swift */; };
		C0CD25D5121EDDEE526A2A85 /* MultiplayerGameOverView.swift in Sources */ = {isa = PBXBuildFile; fileRef = E0CF0053C5073C789B5620F7 /* MultiplayerGameOverView.swift */; };
		C252926FA0D460872C90F48E /* ConvexMobile.framework in Frameworks */ = {isa = PBXBuildFile; fileRef = 8BE0E02693EA882B608863FB /* ConvexMobile.framework */; };
		C707D045A2965A3BA3E4E8C8 /* PlayerGroup.swift in Sources */ = {isa = PBXBuildFile; fileRef = 1FBB631408218FDE10C9C983 /* PlayerGroup.swift */; };
		C7B2708C755F2445217C42DB /* SoundManager.swift in Sources */ = {isa = PBXBuildFile; fileRef = ECF2CB0CDBF86539051ADBF6 /* SoundManager.swift */; };
		D4D413183F5E98752710A319 /* police_siren.wav in Resources */ = {isa = PBXBuildFile; fileRef = 075CC3468DFFD1E21D0DD58D /* police_siren.wav */; };
		D563BF5CB4609C6D7F7271D4 /* ConvexConfig.swift in Sources */ = {isa = PBXBuildFile; fileRef = 2BFA5165B2D73A1451A05213 /* ConvexConfig.swift */; };
		DD1B46FCC0BAE881F57CFE3E /* RealtimeService.swift in Sources */ = {isa = PBXBuildFile; fileRef = 54C39FBD2C98B32B55890998 /* RealtimeService.swift */; };
		DE14F4C36F14D19CE667D9C3 /* GameSession.swift in Sources */ = {isa = PBXBuildFile; fileRef = ECD3E8154F690748433BC6F7 /* GameSession.swift */; };
		DF5FEB68B0A0BEC029B46E6A /* MultiplayerGameStore.swift in Sources */ = {isa = PBXBuildFile; fileRef = F29033C3503B112D02AEEC0A /* MultiplayerGameStore.swift */; };
		E03F00E3542505250BB85AD4 /* PlayerGroupsView.swift in Sources */ = {isa = PBXBuildFile; fileRef = 35A921A20CB744B5A4585CAA /* PlayerGroupsView.swift */; };
		E30749DC29F0FAF4CE745F17 /* CustomRolesView.swift in Sources */ = {isa = PBXBuildFile; fileRef = 9CCF5E9A1A563DD4506F0A35 /* CustomRolesView.swift */; };
		E75BA9933A8A112860BAAA3F /* mafia_gunshot.wav in Resources */ = {isa = PBXBuildFile; fileRef = C990D42FD4558C9A2EE8E3C3 /* mafia_gunshot.wav */; };
		EAA651F1E9998C20D06D3A04 /* MultiplayerNightView.swift in Sources */ = {isa = PBXBuildFile; fileRef = 79C0069879FB96DA4A8A3961 /* MultiplayerNightView.swift */; };
		EF6F2FA6D6F712F0A62194A1 /* RealtimeEventProcessor.swift in Sources */ = {isa = PBXBuildFile; fileRef = 2C0582477D7FD79772923584 /* RealtimeEventProcessor.swift */; };
		F022798F4DEA8B67EC479990 /* GameAction.swift in Sources */ = {isa = PBXBuildFile; fileRef = 3F8580D88ADA64768D1776B6 /* GameAction.swift */; };
		F60EC272F8B07D86BAD26405 /* SettingsView.swift in Sources */ = {isa = PBXBuildFile; fileRef = 6FDC44BB42D2D503D48434C0 /* SettingsView.swift */; };
		F9A4647F261493B6A730BCDC /* CreateGameView.swift in Sources */ = {isa = PBXBuildFile; fileRef = 378F9A5F5395A0E73FB54A72 /* CreateGameView.swift */; };
		F9EB9A98FE2B92DE7DB3C415 /* SignupView.swift in Sources */ = {isa = PBXBuildFile; fileRef = C772A8858E3A16248FF30D11 /* SignupView.swift */; };
/* End PBXBuildFile section */

/* Begin PBXContainerItemProxy section */
		8FF5F3258130BBDB68BD67E4 /* PBXContainerItemProxy */ = {
			isa = PBXContainerItemProxy;
			containerPortal = 15E10EA86426C8B1692DD178 /* Project object */;
			proxyType = 1;
			remoteGlobalIDString = 4BCE0AA2F37AE4A3B0FFD8EA;
			remoteInfo = mafia_manager;
		};
/* End PBXContainerItemProxy section */

/* Begin PBXCopyFilesBuildPhase section */
		4B5CB4223A23BF0D583966E6 /* Dependencies */ = {
			isa = PBXCopyFilesBuildPhase;
			buildActionMask = 8;
			dstSubfolderSpec = 16;
			files = (
				730A63AE7951CBA1103F4D16 /* Clerk_ClerkKitUI.bundle in Dependencies */,
				987535456274A7A2FE865DF9 /* PhoneNumberKit_PhoneNumberKit.bundle in Dependencies */,
			);
			name = Dependencies;
			runOnlyForDeploymentPostprocessing = 1;
		};
		6A5A53EB7CDB0EE9E4CCB3CC /* Embed Frameworks */ = {
			isa = PBXCopyFilesBuildPhase;
			buildActionMask = 2147483647;
			dstPath = "";
			dstSubfolderSpec = 10;
			files = (
			);
			name = "Embed Frameworks";
			runOnlyForDeploymentPostprocessing = 0;
		};
		FD39A486923BA7D7AADF8AEE /* Embed Frameworks */ = {
			isa = PBXCopyFilesBuildPhase;
			buildActionMask = 2147483647;
			dstPath = "";
			dstSubfolderSpec = 10;
			files = (
			);
			name = "Embed Frameworks";
			runOnlyForDeploymentPostprocessing = 0;
		};
/* End PBXCopyFilesBuildPhase section */

/* Begin PBXFileReference section */
		0028C6358D9D5D74A21BA47D /* MultiplayerVotingResultsView.swift */ = {isa = PBXFileReference; lastKnownFileType = sourcecode.swift; path = MultiplayerVotingResultsView.swift; sourceTree = "<group>"; };
		0207A94C03D3E15390DBF017 /* ConvexService.swift */ = {isa = PBXFileReference; lastKnownFileType = sourcecode.swift; path = ConvexService.swift; sourceTree = "<group>"; };
		0221E3D8F2B7BE09934D0F51 /* MultiplayerMenuView.swift */ = {isa = PBXFileReference; lastKnownFileType = sourcecode.swift; path = MultiplayerMenuView.swift; sourceTree = "<group>"; };
		075CC3468DFFD1E21D0DD58D /* police_siren.wav */ = {isa = PBXFileReference; lastKnownFileType = audio.wav; path = police_siren.wav; sourceTree = "<group>"; };
		0A02C122A7E1DCCE4153DA90 /* RoleRevealView.swift */ = {isa = PBXFileReference; lastKnownFileType = sourcecode.swift; path = RoleRevealView.swift; sourceTree = "<group>"; };
		0DED44968DC5183C7D49FEF0 /* PhoneNumberKit.framework */ = {isa = PBXFileReference; explicitFileType = wrapper.framework; includeInIndex = 0; path = PhoneNumberKit.framework; sourceTree = BUILT_PRODUCTS_DIR; };
		0EC9EEFB25DB528CC5555DF9 /* VoteResultsView.swift */ = {isa = PBXFileReference; lastKnownFileType = sourcecode.swift; path = VoteResultsView.swift; sourceTree = "<group>"; };
		12D65F2B24BB24EB844D7663 /* QuickStartSheet.swift */ = {isa = PBXFileReference; lastKnownFileType = sourcecode.swift; path = QuickStartSheet.swift; sourceTree = "<group>"; };
		155E620D9A4BE2F71B1AA26D /* doctor_ecg.wav */ = {isa = PBXFileReference; lastKnownFileType = audio.wav; path = doctor_ecg.wav; sourceTree = "<group>"; };
		156E9A9BE55EC64AAFDE23C8 /* mafia_managerTests.xctest */ = {isa = PBXFileReference; explicitFileType = wrapper.cfbundle; includeInIndex = 0; path = mafia_managerTests.xctest; sourceTree = BUILT_PRODUCTS_DIR; };
		194B9A47D46496648052422E /* BotDecisionService.swift */ = {isa = PBXFileReference; lastKnownFileType = sourcecode.swift; path = BotDecisionService.swift; sourceTree = "<group>"; };
		1D66741ED5970F59F8365E2E /* Player.swift */ = {isa = PBXFileReference; lastKnownFileType = sourcecode.swift; path = Player.swift; sourceTree = "<group>"; };
		1FBB631408218FDE10C9C983 /* PlayerGroup.swift */ = {isa = PBXFileReference; lastKnownFileType = sourcecode.swift; path = PlayerGroup.swift; sourceTree = "<group>"; };
		235911560BC05DFA440783E5 /* Clerk_ClerkKitUI.bundle */ = {isa = PBXFileReference; explicitFileType = wrapper.cfbundle; includeInIndex = 0; path = Clerk_ClerkKitUI.bundle; sourceTree = BUILT_PRODUCTS_DIR; };
		296F7D5D5D82298EB4028369 /* IntroView.swift */ = {isa = PBXFileReference; lastKnownFileType = sourcecode.swift; path = IntroView.swift; sourceTree = "<group>"; };
		2A987066997CCA60B2B0F00C /* PlayerStatsView.swift */ = {isa = PBXFileReference; lastKnownFileType = sourcecode.swift; path = PlayerStatsView.swift; sourceTree = "<group>"; };
		2BFA5165B2D73A1451A05213 /* ConvexConfig.swift */ = {isa = PBXFileReference; lastKnownFileType = sourcecode.swift; path = ConvexConfig.swift; sourceTree = "<group>"; };
		2C0582477D7FD79772923584 /* RealtimeEventProcessor.swift */ = {isa = PBXFileReference; lastKnownFileType = sourcecode.swift; path = RealtimeEventProcessor.swift; sourceTree = "<group>"; };
		31CFB762B61EF2BC84BDBEAF /* LoginView.swift */ = {isa = PBXFileReference; lastKnownFileType = sourcecode.swift; path = LoginView.swift; sourceTree = "<group>"; };
		32039AD1B5151DCFE0D17531 /* DeathRevealView.swift */ = {isa = PBXFileReference; lastKnownFileType = sourcecode.swift; path = DeathRevealView.swift; sourceTree = "<group>"; };
		35A921A20CB744B5A4585CAA /* PlayerGroupsView.swift */ = {isa = PBXFileReference; lastKnownFileType = sourcecode.swift; path = PlayerGroupsView.swift; sourceTree = "<group>"; };
		36D02B805632EF47213380F7 /* Assets.xcassets */ = {isa = PBXFileReference; lastKnownFileType = folder.assetcatalog; path = Assets.xcassets; sourceTree = "<group>"; };
		378F9A5F5395A0E73FB54A72 /* CreateGameView.swift */ = {isa = PBXFileReference; lastKnownFileType = sourcecode.swift; path = CreateGameView.swift; sourceTree = "<group>"; };
		39C9878B9BAA40647744BDC8 /* GameOverView.swift */ = {isa = PBXFileReference; lastKnownFileType = sourcecode.swift; path = GameOverView.swift; sourceTree = "<group>"; };
		3C10CCC5F577743C7B6A6A29 /* RoleStyle.swift */ = {isa = PBXFileReference; lastKnownFileType = sourcecode.swift; path = RoleStyle.swift; sourceTree = "<group>"; };
		3CBFE44727CFAE50FBA8E262 /* SessionPlayer.swift */ = {isa = PBXFileReference; lastKnownFileType = sourcecode.swift; path = SessionPlayer.swift; sourceTree = "<group>"; };
		3F8580D88ADA64768D1776B6 /* GameAction.swift */ = {isa = PBXFileReference; lastKnownFileType = sourcecode.swift; path = GameAction.swift; sourceTree = "<group>"; };
		41FBD3CF6BE4D89D7F7581A7 /* TuistAssets+MafiaManager.swift */ = {isa = PBXFileReference; lastKnownFileType = sourcecode.swift; path = "TuistAssets+MafiaManager.swift"; sourceTree = "<group>"; };
		47376DF130570A513F9830E8 /* DesignSystem.swift */ = {isa = PBXFileReference; lastKnownFileType = sourcecode.swift; path = DesignSystem.swift; sourceTree = "<group>"; };
		4A270561FA8F64DCC23FC730 /* KeychainHelper.swift */ = {isa = PBXFileReference; lastKnownFileType = sourcecode.swift; path = KeychainHelper.swift; sourceTree = "<group>"; };
		4A33149C57263B43F9D1B65B /* NightWakeUpView.swift */ = {isa = PBXFileReference; lastKnownFileType = sourcecode.swift; path = NightWakeUpView.swift; sourceTree = "<group>"; };
		4A570ED7606C854EE6D2F90E /* mafia_managerTests-Info.plist */ = {isa = PBXFileReference; lastKnownFileType = text.plist; path = "mafia_managerTests-Info.plist"; sourceTree = "<group>"; };
		4BC88ABCA453C522E916F2D5 /* Nuke.framework */ = {isa = PBXFileReference; explicitFileType = wrapper.framework; includeInIndex = 0; path = Nuke.framework; sourceTree = BUILT_PRODUCTS_DIR; };
		4E2B7AA2163C4E31E817436A /* DayAction.swift */ = {isa = PBXFileReference; lastKnownFileType = sourcecode.swift; path = DayAction.swift; sourceTree = "<group>"; };
		505246F8352BA44A9D76696D /* GuestNameInputView.swift */ = {isa = PBXFileReference; lastKnownFileType = sourcecode.swift; path = GuestNameInputView.swift; sourceTree = "<group>"; };
		54C39FBD2C98B32B55890998 /* RealtimeService.swift */ = {isa = PBXFileReference; lastKnownFileType = sourcecode.swift; path = RealtimeService.swift; sourceTree = "<group>"; };
		576EAE7CF078E8F967EA9051 /* NightAction.swift */ = {isa = PBXFileReference; lastKnownFileType = sourcecode.swift; path = NightAction.swift; sourceTree = "<group>"; };
		57A863A38BD0B44BCCF6CFBE /* ClerkConvex.framework */ = {isa = PBXFileReference; explicitFileType = wrapper.framework; includeInIndex = 0; path = ClerkConvex.framework; sourceTree = BUILT_PRODUCTS_DIR; };
		57FA3D5BA30123EDCCA333B5 /* MultiplayerVoteDeathRevealView.swift */ = {isa = PBXFileReference; lastKnownFileType = sourcecode.swift; path = MultiplayerVoteDeathRevealView.swift; sourceTree = "<group>"; };
		5AB96224DA99AF30E2981EEA /* wakeup_rooster.wav */ = {isa = PBXFileReference; lastKnownFileType = audio.wav; path = wakeup_rooster.wav; sourceTree = "<group>"; };
		5E2932FB21B3780D4C417D92 /* ClerkKitUI.framework */ = {isa = PBXFileReference; explicitFileType = wrapper.framework; includeInIndex = 0; path = ClerkKitUI.framework; sourceTree = BUILT_PRODUCTS_DIR; };
		5FE7E68ADB9B7F91D1E14789 /* InputValidator.swift */ = {isa = PBXFileReference; lastKnownFileType = sourcecode.swift; path = InputValidator.swift; sourceTree = "<group>"; };
		610DF63A23B55FD8CFF93796 /* TuistBundle+MafiaManager.swift */ = {isa = PBXFileReference; lastKnownFileType = sourcecode.swift; path = "TuistBundle+MafiaManager.swift"; sourceTree = "<group>"; };
		63D6DD68E21901580152D205 /* DatabaseService.swift */ = {isa = PBXFileReference; lastKnownFileType = sourcecode.swift; path = DatabaseService.swift; sourceTree = "<group>"; };
		67017A4D1045DB0001CDAA48 /* PhoneNumberKit_PhoneNumberKit.bundle */ = {isa = PBXFileReference; explicitFileType = wrapper.cfbundle; includeInIndex = 0; path = PhoneNumberKit_PhoneNumberKit.bundle; sourceTree = BUILT_PRODUCTS_DIR; };
		675F15E4E35C4B0E173A3660 /* VotingSession.swift */ = {isa = PBXFileReference; lastKnownFileType = sourcecode.swift; path = VotingSession.swift; sourceTree = "<group>"; };
		6FDC44BB42D2D503D48434C0 /* SettingsView.swift */ = {isa = PBXFileReference; lastKnownFileType = sourcecode.swift; path = SettingsView.swift; sourceTree = "<group>"; };
		6FEA6F261D60B4FC9F8E6B6B /* PrivacyInfo.xcprivacy */ = {isa = PBXFileReference; path = PrivacyInfo.xcprivacy; sourceTree = "<group>"; };
		728D147A4E511CD5EDA1B63E /* PrivacyBlurView.swift */ = {isa = PBXFileReference; lastKnownFileType = sourcecode.swift; path = PrivacyBlurView.swift; sourceTree = "<group>"; };
		79C0069879FB96DA4A8A3961 /* MultiplayerNightView.swift */ = {isa = PBXFileReference; lastKnownFileType = sourcecode.swift; path = MultiplayerNightView.swift; sourceTree = "<group>"; };
		7A9D67BB1A0399BED77A3EDE /* NukeUI.framework */ = {isa = PBXFileReference; explicitFileType = wrapper.framework; includeInIndex = 0; path = NukeUI.framework; sourceTree = BUILT_PRODUCTS_DIR; };
		7CDB6FEF38DBAAD69D903FEE /* BotVotingRevealView.swift */ = {isa = PBXFileReference; lastKnownFileType = sourcecode.swift; path = BotVotingRevealView.swift; sourceTree = "<group>"; };
		88168DA8618CC11B6B7384EC /* AssignmentsView.swift */ = {isa = PBXFileReference; lastKnownFileType = sourcecode.swift; path = AssignmentsView.swift; sourceTree = "<group>"; };
		881A74A000FDEB2E971418F1 /* ProfileView.swift */ = {isa = PBXFileReference; lastKnownFileType = sourcecode.swift; path = ProfileView.swift; sourceTree = "<group>"; };
		8BE0E02693EA882B608863FB /* ConvexMobile.framework */ = {isa = PBXFileReference; explicitFileType = wrapper.framework; includeInIndex = 0; path = ConvexMobile.framework; sourceTree = BUILT_PRODUCTS_DIR; };
		8E8B0CF45973472B9361542E /* Persistence.swift */ = {isa = PBXFileReference; lastKnownFileType = sourcecode.swift; path = Persistence.swift; sourceTree = "<group>"; };
		915F85AC325F3EC3095C151D /* GameModeSelectionView.swift */ = {isa = PBXFileReference; lastKnownFileType = sourcecode.swift; path = GameModeSelectionView.swift; sourceTree = "<group>"; };
		93EE1E048F3249B4B22D1FFD /* AuthStore.swift */ = {isa = PBXFileReference; lastKnownFileType = sourcecode.swift; path = AuthStore.swift; sourceTree = "<group>"; };
		97162209351EF554554CC159 /* MultiplayerVotingView.swift */ = {isa = PBXFileReference; lastKnownFileType = sourcecode.swift; path = MultiplayerVotingView.swift; sourceTree = "<group>"; };
		9891637274E3D07ED977CEC5 /* UserProfile.swift */ = {isa = PBXFileReference; lastKnownFileType = sourcecode.swift; path = UserProfile.swift; sourceTree = "<group>"; };
		9A3DC26119C9D2FDAFE09DD3 /* SignupVerificationView.swift */ = {isa = PBXFileReference; lastKnownFileType = sourcecode.swift; path = SignupVerificationView.swift; sourceTree = "<group>"; };
		9AE22A0634FE91E7CB2F991D /* JoinGameView.swift */ = {isa = PBXFileReference; lastKnownFileType = sourcecode.swift; path = JoinGameView.swift; sourceTree = "<group>"; };
		9CCF5E9A1A563DD4506F0A35 /* CustomRolesView.swift */ = {isa = PBXFileReference; lastKnownFileType = sourcecode.swift; path = CustomRolesView.swift; sourceTree = "<group>"; };
		A0342891BA342790B3D72E97 /* GameStoreTests.swift */ = {isa = PBXFileReference; lastKnownFileType = sourcecode.swift; path = GameStoreTests.swift; sourceTree = "<group>"; };
		A6D0475004635445C3CF22A3 /* SessionService.swift */ = {isa = PBXFileReference; lastKnownFileType = sourcecode.swift; path = SessionService.swift; sourceTree = "<group>"; };
		A6F81B1598C46CD560343E4E /* NightOutcomeView.swift */ = {isa = PBXFileReference; lastKnownFileType = sourcecode.swift; path = NightOutcomeView.swift; sourceTree = "<group>"; };
		AE7F706932D21CC1B8FFCA9E /* SetupView.swift */ = {isa = PBXFileReference; lastKnownFileType = sourcecode.swift; path = SetupView.swift; sourceTree = "<group>"; };
		B069793449575B9C968837DE /* GameStore.swift */ = {isa = PBXFileReference; lastKnownFileType = sourcecode.swift; path = GameStore.swift; sourceTree = "<group>"; };
		B199AAC22DB1EEDA4B520168 /* CustomRoleConfig.swift */ = {isa = PBXFileReference; lastKnownFileType = sourcecode.swift; path = CustomRoleConfig.swift; sourceTree = "<group>"; };
		B32A359FCAA04633188D41D5 /* mafia_managerApp.swift */ = {isa = PBXFileReference; lastKnownFileType = sourcecode.swift; path = mafia_managerApp.swift; sourceTree = "<group>"; };
		BF31B6F5DDC984F356695835 /* MultiplayerRoleRevealView.swift */ = {isa = PBXFileReference; lastKnownFileType = sourcecode.swift; path = MultiplayerRoleRevealView.swift; sourceTree = "<group>"; };
		C52CF4CB5D7EC9FF6D40F948 /* PlayerStats.swift */ = {isa = PBXFileReference; lastKnownFileType = sourcecode.swift; path = PlayerStats.swift; sourceTree = "<group>"; };
		C5B96A80793076BE8A863031 /* UniFFI.framework */ = {isa = PBXFileReference; explicitFileType = wrapper.framework; includeInIndex = 0; path = UniFFI.framework; sourceTree = BUILT_PRODUCTS_DIR; };
		C7345913C6CB1CF0CE87204C /* NightPhaseView.swift */ = {isa = PBXFileReference; lastKnownFileType = sourcecode.swift; path = NightPhaseView.swift; sourceTree = "<group>"; };
		C772A8858E3A16248FF30D11 /* SignupView.swift */ = {isa = PBXFileReference; lastKnownFileType = sourcecode.swift; path = SignupView.swift; sourceTree = "<group>"; };
		C990D42FD4558C9A2EE8E3C3 /* mafia_gunshot.wav */ = {isa = PBXFileReference; lastKnownFileType = audio.wav; path = mafia_gunshot.wav; sourceTree = "<group>"; };
		CA58228924FC98692B63CE51 /* VotingView.swift */ = {isa = PBXFileReference; lastKnownFileType = sourcecode.swift; path = VotingView.swift; sourceTree = "<group>"; };
		CBB838310A369541CE74AF55 /* MorningSummaryView.swift */ = {isa = PBXFileReference; lastKnownFileType = sourcecode.swift; path = MorningSummaryView.swift; sourceTree = "<group>"; };
		DF1BAC365672CD2459EC622D /* mafia_manager.app */ = {isa = PBXFileReference; explicitFileType = wrapper.application; includeInIndex = 0; path = mafia_manager.app; sourceTree = BUILT_PRODUCTS_DIR; };
		E0CF0053C5073C789B5620F7 /* MultiplayerGameOverView.swift */ = {isa = PBXFileReference; lastKnownFileType = sourcecode.swift; path = MultiplayerGameOverView.swift; sourceTree = "<group>"; };
		E43174C0DC9E812D86F752F1 /* Role.swift */ = {isa = PBXFileReference; lastKnownFileType = sourcecode.swift; path = Role.swift; sourceTree = "<group>"; };
		E9BA1619BAFA031D7400FF68 /* ClerkKit.framework */ = {isa = PBXFileReference; explicitFileType = wrapper.framework; includeInIndex = 0; path = ClerkKit.framework; sourceTree = BUILT_PRODUCTS_DIR; };
		EB131BD1703DEE94813C53BD /* RoleCardPalette.swift */ = {isa = PBXFileReference; lastKnownFileType = sourcecode.swift; path = RoleCardPalette.swift; sourceTree = "<group>"; };
		ECD3E8154F690748433BC6F7 /* GameSession.swift */ = {isa = PBXFileReference; lastKnownFileType = sourcecode.swift; path = GameSession.swift; sourceTree = "<group>"; };
		ECF2CB0CDBF86539051ADBF6 /* SoundManager.swift */ = {isa = PBXFileReference; lastKnownFileType = sourcecode.swift; path = SoundManager.swift; sourceTree = "<group>"; };
		ED6081D60851E8D250414119 /* MultiplayerLobbyView.swift */ = {isa = PBXFileReference; lastKnownFileType = sourcecode.swift; path = MultiplayerLobbyView.swift; sourceTree = "<group>"; };
		F29033C3503B112D02AEEC0A /* MultiplayerGameStore.swift */ = {isa = PBXFileReference; lastKnownFileType = sourcecode.swift; path = MultiplayerGameStore.swift; sourceTree = "<group>"; };
		F39B0F450FF95FFD3BF194CD /* mafia_manager-Info.plist */ = {isa = PBXFileReference; lastKnownFileType = text.plist; path = "mafia_manager-Info.plist"; sourceTree = "<group>"; };
		FD0F6FB737236EE214C3CE0D /* AuthService.swift */ = {isa = PBXFileReference; lastKnownFileType = sourcecode.swift; path = AuthService.swift; sourceTree = "<group>"; };
		FF973E899C295FF8E5F9B748 /* libconvexmobile-rs.xcframework */ = {isa = PBXFileReference; lastKnownFileType = wrapper.xcframework; name = "libconvexmobile-rs.xcframework"; path = "/Users/hamzaosama/Documents/Developer/SwiftUI/mafia_manager/Tuist/.build/checkouts/convex-swift/libconvexmobile-rs.xcframework"; sourceTree = "<absolute>"; };
		FFCF89E92637EE6E6DFA57C8 /* GameState.swift */ = {isa = PBXFileReference; lastKnownFileType = sourcecode.swift; path = GameState.swift; sourceTree = "<group>"; };
/* End PBXFileReference section */

/* Begin PBXFrameworksBuildPhase section */
		6D476131B415F54F1567836B /* Frameworks */ = {
			isa = PBXFrameworksBuildPhase;
			buildActionMask = 2147483647;
			files = (
				117E861DB46734468703AE6B /* ClerkConvex.framework in Frameworks */,
				8A9E4ABE842DA25C61CA2894 /* ClerkKit.framework in Frameworks */,
				3FFA6C2484F8607A011B1E37 /* ClerkKitUI.framework in Frameworks */,
				C252926FA0D460872C90F48E /* ConvexMobile.framework in Frameworks */,
				454FDD39DD669978BDBEF681 /* Nuke.framework in Frameworks */,
				1911BB54982E53C33FCF1D55 /* NukeUI.framework in Frameworks */,
				8A3C605203D85A61C88D0FB9 /* PhoneNumberKit.framework in Frameworks */,
				A2490E6EE72D994E10152C1D /* UniFFI.framework in Frameworks */,
				B0EC4F191EDF39F020F14FE7 /* libconvexmobile-rs.xcframework in Frameworks */,
			);
			runOnlyForDeploymentPostprocessing = 0;
		};
		C2399A1F55072F433DA51AB5 /* Frameworks */ = {
			isa = PBXFrameworksBuildPhase;
			buildActionMask = 2147483647;
			files = (
			);
			runOnlyForDeploymentPostprocessing = 0;
		};
/* End PBXFrameworksBuildPhase section */

/* Begin PBXGroup section */
		008E0CB1FF7EFD80302D7E0E /* Setup */ = {
			isa = PBXGroup;
			children = (
				AE7F706932D21CC1B8FFCA9E /* SetupView.swift */,
			);
			path = Setup;
			sourceTree = "<group>";
		};
		10AB20A580E1A3FCEA9DA305 /* Auth */ = {
			isa = PBXGroup;
			children = (
				505246F8352BA44A9D76696D /* GuestNameInputView.swift */,
				31CFB762B61EF2BC84BDBEAF /* LoginView.swift */,
				881A74A000FDEB2E971418F1 /* ProfileView.swift */,
				12D65F2B24BB24EB844D7663 /* QuickStartSheet.swift */,
				9A3DC26119C9D2FDAFE09DD3 /* SignupVerificationView.swift */,
				C772A8858E3A16248FF30D11 /* SignupView.swift */,
			);
			path = Auth;
			sourceTree = "<group>";
		};
		11F8467ACC3F42F0EB3E8BA1 /* Project */ = {
			isa = PBXGroup;
			children = (
				C7C6F4DD89D5C90EC779D429 /* App */,
				683C0457DE23DB9640A2AD84 /* Core */,
				30CF58D7CED7F4AEB81E79EF /* Derived */,
				4098CF10A99F5CE73EA75DFE /* Features */,
				AB2F704CACB0D5FBF7D5C688 /* mafia_managerTests */,
				815AC9BDBC7464F70BF660D4 /* Resources */,
				36D02B805632EF47213380F7 /* Assets.xcassets */,
				6FEA6F261D60B4FC9F8E6B6B /* PrivacyInfo.xcprivacy */,
			);
			name = Project;
			sourceTree = "<group>";
		};
		16F4C070AA5DF684CC994509 /* UI */ = {
			isa = PBXGroup;
			children = (
				47376DF130570A513F9830E8 /* DesignSystem.swift */,
				3C10CCC5F577743C7B6A6A29 /* RoleStyle.swift */,
			);
			path = UI;
			sourceTree = "<group>";
		};
		1A0900F26722FE202A73A61A /* Intro */ = {
			isa = PBXGroup;
			children = (
				296F7D5D5D82298EB4028369 /* IntroView.swift */,
			);
			path = Intro;
			sourceTree = "<group>";
		};
		1C50E085455BCDEA15B7F411 /* Models */ = {
			isa = PBXGroup;
			children = (
				9891637274E3D07ED977CEC5 /* UserProfile.swift */,
			);
			path = Models;
			sourceTree = "<group>";
		};
		1F9F2B908403683540C6D8CB /* Services */ = {
			isa = PBXGroup;
			children = (
				194B9A47D46496648052422E /* BotDecisionService.swift */,
				8E8B0CF45973472B9361542E /* Persistence.swift */,
				ECF2CB0CDBF86539051ADBF6 /* SoundManager.swift */,
			);
			path = Services;
			sourceTree = "<group>";
		};
		24493E680924DCE02FF4AB4C /* Backend */ = {
			isa = PBXGroup;
			children = (
				2BFA5165B2D73A1451A05213 /* ConvexConfig.swift */,
				0207A94C03D3E15390DBF017 /* ConvexService.swift */,
				63D6DD68E21901580152D205 /* DatabaseService.swift */,
			);
			path = Backend;
			sourceTree = "<group>";
		};
		2C0DBED34BA0B8DA0C601708 /* Components */ = {
			isa = PBXGroup;
			children = (
				728D147A4E511CD5EDA1B63E /* PrivacyBlurView.swift */,
				EB131BD1703DEE94813C53BD /* RoleCardPalette.swift */,
			);
			path = Components;
			sourceTree = "<group>";
		};
		2F3EB12034434B9DECFDAB0B /* Stats */ = {
			isa = PBXGroup;
			children = (
				9CCF5E9A1A563DD4506F0A35 /* CustomRolesView.swift */,
				35A921A20CB744B5A4585CAA /* PlayerGroupsView.swift */,
				2A987066997CCA60B2B0F00C /* PlayerStatsView.swift */,
			);
			path = Stats;
			sourceTree = "<group>";
		};
		2FADB41DD3F98777E816A408 /* Models */ = {
			isa = PBXGroup;
			children = (
				B199AAC22DB1EEDA4B520168 /* CustomRoleConfig.swift */,
				1FBB631408218FDE10C9C983 /* PlayerGroup.swift */,
				C52CF4CB5D7EC9FF6D40F948 /* PlayerStats.swift */,
			);
			path = Models;
			sourceTree = "<group>";
		};
		30CF58D7CED7F4AEB81E79EF /* Derived */ = {
			isa = PBXGroup;
			children = (
				9BB8E5DA6053061D47F21B78 /* InfoPlists */,
				4B81DC7F023745C3A38EAE69 /* Sources */,
			);
			path = Derived;
			sourceTree = "<group>";
		};
		379196597476057F108910BC /* Multiplayer */ = {
			isa = PBXGroup;
			children = (
				E3C1AFF7A3F69D691104A076 /* Entry */,
				7E2A3EAAF0C0DA084714371C /* Flow */,
			);
			path = Multiplayer;
			sourceTree = "<group>";
		};
		3B6B2E3298B28666FAB56F6D /* Settings */ = {
			isa = PBXGroup;
			children = (
				6FDC44BB42D2D503D48434C0 /* SettingsView.swift */,
			);
			path = Settings;
			sourceTree = "<group>";
		};
		4098CF10A99F5CE73EA75DFE /* Features */ = {
			isa = PBXGroup;
			children = (
				C6BBC517D93B9929067B4D57 /* Assignments */,
				10AB20A580E1A3FCEA9DA305 /* Auth */,
				813DA8FAE07D334FE978FBA4 /* GameOver */,
				1A0900F26722FE202A73A61A /* Intro */,
				6BF878C54C1F561DF62E205B /* Morning */,
				379196597476057F108910BC /* Multiplayer */,
				BD8EB20208842E5DF04AD172 /* Night */,
				3B6B2E3298B28666FAB56F6D /* Settings */,
				008E0CB1FF7EFD80302D7E0E /* Setup */,
				2F3EB12034434B9DECFDAB0B /* Stats */,
				F67A93335FBB4E81E3D91B43 /* Voting */,
			);
			path = Features;
			sourceTree = "<group>";
		};
		4B81DC7F023745C3A38EAE69 /* Sources */ = {
			isa = PBXGroup;
			children = (
				41FBD3CF6BE4D89D7F7581A7 /* TuistAssets+MafiaManager.swift */,
				610DF63A23B55FD8CFF93796 /* TuistBundle+MafiaManager.swift */,
			);
			path = Sources;
			sourceTree = "<group>";
		};
		5266F8EC260BD9E7F7649BE8 /* Auth */ = {
			isa = PBXGroup;
			children = (
				1C50E085455BCDEA15B7F411 /* Models */,
				E026BB4978A4BF38CFC0720F /* Services */,
				84DB4D84442D00F52CF5B7FE /* Store */,
			);
			path = Auth;
			sourceTree = "<group>";
		};
		683C0457DE23DB9640A2AD84 /* Core */ = {
			isa = PBXGroup;
			children = (
				5266F8EC260BD9E7F7649BE8 /* Auth */,
				24493E680924DCE02FF4AB4C /* Backend */,
				2C0DBED34BA0B8DA0C601708 /* Components */,
				A9FFB0B4D53088376A12B83E /* Gameplay */,
				836B18A5656CE07810CD066A /* Multiplayer */,
				AAE2C59DC227DAA2976D83CF /* Stats */,
				B1D24D1F60A30A218E9BBE05 /* Support */,
				16F4C070AA5DF684CC994509 /* UI */,
			);
			path = Core;
			sourceTree = "<group>";
		};
		6BF878C54C1F561DF62E205B /* Morning */ = {
			isa = PBXGroup;
			children = (
				32039AD1B5151DCFE0D17531 /* DeathRevealView.swift */,
				CBB838310A369541CE74AF55 /* MorningSummaryView.swift */,
			);
			path = Morning;
			sourceTree = "<group>";
		};
		772C8C1E4143F4FF709DAC4C /* Frameworks */ = {
			isa = PBXGroup;
			children = (
				FF973E899C295FF8E5F9B748 /* libconvexmobile-rs.xcframework */,
			);
			name = Frameworks;
			sourceTree = "<group>";
		};
		7BE3F83F2942C81648199C3C /* Services */ = {
			isa = PBXGroup;
			children = (
				2C0582477D7FD79772923584 /* RealtimeEventProcessor.swift */,
				54C39FBD2C98B32B55890998 /* RealtimeService.swift */,
				A6D0475004635445C3CF22A3 /* SessionService.swift */,
			);
			path = Services;
			sourceTree = "<group>";
		};
		7E2A3EAAF0C0DA084714371C /* Flow */ = {
			isa = PBXGroup;
			children = (
				E0CF0053C5073C789B5620F7 /* MultiplayerGameOverView.swift */,
				ED6081D60851E8D250414119 /* MultiplayerLobbyView.swift */,
				79C0069879FB96DA4A8A3961 /* MultiplayerNightView.swift */,
				BF31B6F5DDC984F356695835 /* MultiplayerRoleRevealView.swift */,
				57FA3D5BA30123EDCCA333B5 /* MultiplayerVoteDeathRevealView.swift */,
				0028C6358D9D5D74A21BA47D /* MultiplayerVotingResultsView.swift */,
				97162209351EF554554CC159 /* MultiplayerVotingView.swift */,
			);
			path = Flow;
			sourceTree = "<group>";
		};
		813DA8FAE07D334FE978FBA4 /* GameOver */ = {
			isa = PBXGroup;
			children = (
				39C9878B9BAA40647744BDC8 /* GameOverView.swift */,
			);
			path = GameOver;
			sourceTree = "<group>";
		};
		815AC9BDBC7464F70BF660D4 /* Resources */ = {
			isa = PBXGroup;
			children = (
				F7810EEACFD0164AC9E968A4 /* Sounds */,
			);
			path = Resources;
			sourceTree = "<group>";
		};
		836B18A5656CE07810CD066A /* Multiplayer */ = {
			isa = PBXGroup;
			children = (
				AAD9FFB6C9087BF57192134B /* Models */,
				7BE3F83F2942C81648199C3C /* Services */,
				A29F3E3A4CDD21863ABAE930 /* Store */,
			);
			path = Multiplayer;
			sourceTree = "<group>";
		};
		84DB4D84442D00F52CF5B7FE /* Store */ = {
			isa = PBXGroup;
			children = (
				93EE1E048F3249B4B22D1FFD /* AuthStore.swift */,
			);
			path = Store;
			sourceTree = "<group>";
		};
		9BB8E5DA6053061D47F21B78 /* InfoPlists */ = {
			isa = PBXGroup;
			children = (
				F39B0F450FF95FFD3BF194CD /* mafia_manager-Info.plist */,
				4A570ED7606C854EE6D2F90E /* mafia_managerTests-Info.plist */,
			);
			path = InfoPlists;
			sourceTree = "<group>";
		};
		A29F3E3A4CDD21863ABAE930 /* Store */ = {
			isa = PBXGroup;
			children = (
				F29033C3503B112D02AEEC0A /* MultiplayerGameStore.swift */,
			);
			path = Store;
			sourceTree = "<group>";
		};
		A9FFB0B4D53088376A12B83E /* Gameplay */ = {
			isa = PBXGroup;
			children = (
				E0DB466154E0BFBF46C18D9B /* Models */,
				1F9F2B908403683540C6D8CB /* Services */,
				DE826E35F3C13A063B55EF64 /* Store */,
			);
			path = Gameplay;
			sourceTree = "<group>";
		};
		AAD9FFB6C9087BF57192134B /* Models */ = {
			isa = PBXGroup;
			children = (
				3F8580D88ADA64768D1776B6 /* GameAction.swift */,
				ECD3E8154F690748433BC6F7 /* GameSession.swift */,
				3CBFE44727CFAE50FBA8E262 /* SessionPlayer.swift */,
			);
			path = Models;
			sourceTree = "<group>";
		};
		AAE0CB484015BE44901A06DE = {
			isa = PBXGroup;
			children = (
				DF1F71B86CF817FE7C8B5968 /* Products */,
				11F8467ACC3F42F0EB3E8BA1 /* Project */,
				772C8C1E4143F4FF709DAC4C /* Frameworks */,
			);
			sourceTree = "<group>";
		};
		AAE2C59DC227DAA2976D83CF /* Stats */ = {
			isa = PBXGroup;
			children = (
				2FADB41DD3F98777E816A408 /* Models */,
			);
			path = Stats;
			sourceTree = "<group>";
		};
		AB2F704CACB0D5FBF7D5C688 /* mafia_managerTests */ = {
			isa = PBXGroup;
			children = (
				A0342891BA342790B3D72E97 /* GameStoreTests.swift */,
			);
			path = mafia_managerTests;
			sourceTree = "<group>";
		};
		B1D24D1F60A30A218E9BBE05 /* Support */ = {
			isa = PBXGroup;
			children = (
				5FE7E68ADB9B7F91D1E14789 /* InputValidator.swift */,
			);
			path = Support;
			sourceTree = "<group>";
		};
		BD8EB20208842E5DF04AD172 /* Night */ = {
			isa = PBXGroup;
			children = (
				A6F81B1598C46CD560343E4E /* NightOutcomeView.swift */,
				C7345913C6CB1CF0CE87204C /* NightPhaseView.swift */,
				4A33149C57263B43F9D1B65B /* NightWakeUpView.swift */,
			);
			path = Night;
			sourceTree = "<group>";
		};
		C6BBC517D93B9929067B4D57 /* Assignments */ = {
			isa = PBXGroup;
			children = (
				88168DA8618CC11B6B7384EC /* AssignmentsView.swift */,
				0A02C122A7E1DCCE4153DA90 /* RoleRevealView.swift */,
			);
			path = Assignments;
			sourceTree = "<group>";
		};
		C7C6F4DD89D5C90EC779D429 /* App */ = {
			isa = PBXGroup;
			children = (
				B32A359FCAA04633188D41D5 /* mafia_managerApp.swift */,
			);
			path = App;
			sourceTree = "<group>";
		};
		DE826E35F3C13A063B55EF64 /* Store */ = {
			isa = PBXGroup;
			children = (
				B069793449575B9C968837DE /* GameStore.swift */,
			);
			path = Store;
			sourceTree = "<group>";
		};
		DF1F71B86CF817FE7C8B5968 /* Products */ = {
			isa = PBXGroup;
			children = (
				235911560BC05DFA440783E5 /* Clerk_ClerkKitUI.bundle */,
				57A863A38BD0B44BCCF6CFBE /* ClerkConvex.framework */,
				E9BA1619BAFA031D7400FF68 /* ClerkKit.framework */,
				5E2932FB21B3780D4C417D92 /* ClerkKitUI.framework */,
				8BE0E02693EA882B608863FB /* ConvexMobile.framework */,
				DF1BAC365672CD2459EC622D /* mafia_manager.app */,
				156E9A9BE55EC64AAFDE23C8 /* mafia_managerTests.xctest */,
				4BC88ABCA453C522E916F2D5 /* Nuke.framework */,
				7A9D67BB1A0399BED77A3EDE /* NukeUI.framework */,
				67017A4D1045DB0001CDAA48 /* PhoneNumberKit_PhoneNumberKit.bundle */,
				0DED44968DC5183C7D49FEF0 /* PhoneNumberKit.framework */,
				C5B96A80793076BE8A863031 /* UniFFI.framework */,
			);
			name = Products;
			sourceTree = "<group>";
		};
		E026BB4978A4BF38CFC0720F /* Services */ = {
			isa = PBXGroup;
			children = (
				FD0F6FB737236EE214C3CE0D /* AuthService.swift */,
				4A270561FA8F64DCC23FC730 /* KeychainHelper.swift */,
			);
			path = Services;
			sourceTree = "<group>";
		};
		E0DB466154E0BFBF46C18D9B /* Models */ = {
			isa = PBXGroup;
			children = (
				4E2B7AA2163C4E31E817436A /* DayAction.swift */,
				FFCF89E92637EE6E6DFA57C8 /* GameState.swift */,
				576EAE7CF078E8F967EA9051 /* NightAction.swift */,
				1D66741ED5970F59F8365E2E /* Player.swift */,
				E43174C0DC9E812D86F752F1 /* Role.swift */,
				675F15E4E35C4B0E173A3660 /* VotingSession.swift */,
			);
			path = Models;
			sourceTree = "<group>";
		};
		E3C1AFF7A3F69D691104A076 /* Entry */ = {
			isa = PBXGroup;
			children = (
				378F9A5F5395A0E73FB54A72 /* CreateGameView.swift */,
				915F85AC325F3EC3095C151D /* GameModeSelectionView.swift */,
				9AE22A0634FE91E7CB2F991D /* JoinGameView.swift */,
				0221E3D8F2B7BE09934D0F51 /* MultiplayerMenuView.swift */,
			);
			path = Entry;
			sourceTree = "<group>";
		};
		F67A93335FBB4E81E3D91B43 /* Voting */ = {
			isa = PBXGroup;
			children = (
				7CDB6FEF38DBAAD69D903FEE /* BotVotingRevealView.swift */,
				0EC9EEFB25DB528CC5555DF9 /* VoteResultsView.swift */,
				CA58228924FC98692B63CE51 /* VotingView.swift */,
			);
			path = Voting;
			sourceTree = "<group>";
		};
		F7810EEACFD0164AC9E968A4 /* Sounds */ = {
			isa = PBXGroup;
			children = (
				155E620D9A4BE2F71B1AA26D /* doctor_ecg.wav */,
				C990D42FD4558C9A2EE8E3C3 /* mafia_gunshot.wav */,
				075CC3468DFFD1E21D0DD58D /* police_siren.wav */,
				5AB96224DA99AF30E2981EEA /* wakeup_rooster.wav */,
			);
			path = Sounds;
			sourceTree = "<group>";
		};
/* End PBXGroup section */

/* Begin PBXNativeTarget section */
		4BCE0AA2F37AE4A3B0FFD8EA /* mafia_manager */ = {
			isa = PBXNativeTarget;
			buildConfigurationList = CC0FEA5D326FA62F5F8BFD26 /* Build configuration list for PBXNativeTarget "mafia_manager" */;
			buildPhases = (
				3C178EA4127A84AD6E6C0269 /* Sources */,
				1B6406029E85ACD417BD12C3 /* Resources */,
				6D476131B415F54F1567836B /* Frameworks */,
				FD39A486923BA7D7AADF8AEE /* Embed Frameworks */,
				4B5CB4223A23BF0D583966E6 /* Dependencies */,
			);
			buildRules = (
			);
			dependencies = (
			);
			name = mafia_manager;
			packageProductDependencies = (
			);
			productName = mafia_manager;
			productReference = DF1BAC365672CD2459EC622D /* mafia_manager.app */;
			productType = "com.apple.product-type.application";
		};
		64A58C8A53D161D0214B2BCC /* mafia_managerTests */ = {
			isa = PBXNativeTarget;
			buildConfigurationList = 6521977376260E99C8563FED /* Build configuration list for PBXNativeTarget "mafia_managerTests" */;
			buildPhases = (
				1388D71B98471B769BD5537C /* Sources */,
				786919568F70A8552C4C37DC /* Resources */,
				C2399A1F55072F433DA51AB5 /* Frameworks */,
				6A5A53EB7CDB0EE9E4CCB3CC /* Embed Frameworks */,
			);
			buildRules = (
			);
			dependencies = (
				5E5E6AF41DE9FD9934E42307 /* PBXTargetDependency */,
			);
			name = mafia_managerTests;
			packageProductDependencies = (
			);
			productName = mafia_managerTests;
			productReference = 156E9A9BE55EC64AAFDE23C8 /* mafia_managerTests.xctest */;
			productType = "com.apple.product-type.bundle.unit-test";
		};
/* End PBXNativeTarget section */

/* Begin PBXProject section */
		15E10EA86426C8B1692DD178 /* Project object */ = {
			isa = PBXProject;
			attributes = {
				BuildIndependentTargetsInParallel = YES;
				TargetAttributes = {
					64A58C8A53D161D0214B2BCC = {
						TestTargetID = 4BCE0AA2F37AE4A3B0FFD8EA;
					};
				};
			};
			buildConfigurationList = 156203DDC740912E6BC22577 /* Build configuration list for PBXProject "mafia_manager" */;
			compatibilityVersion = "Xcode 14.0";
			developmentRegion = en;
			hasScannedForEncodings = 0;
			knownRegions = (
				Base,
				en,
			);
			mainGroup = AAE0CB484015BE44901A06DE;
			productRefGroup = DF1F71B86CF817FE7C8B5968 /* Products */;
			projectDirPath = "";
			projectRoot = "";
			targets = (
				4BCE0AA2F37AE4A3B0FFD8EA /* mafia_manager */,
				64A58C8A53D161D0214B2BCC /* mafia_managerTests */,
			);
		};
/* End PBXProject section */

/* Begin PBXResourcesBuildPhase section */
		1B6406029E85ACD417BD12C3 /* Resources */ = {
			isa = PBXResourcesBuildPhase;
			buildActionMask = 2147483647;
			files = (
				3102B595E9507A3C96D86236 /* Assets.xcassets in Resources */,
				68D06E389AD06FAF9574828E /* PrivacyInfo.xcprivacy in Resources */,
				9BAE269051ACAD303F1F98B3 /* doctor_ecg.wav in Resources */,
				E75BA9933A8A112860BAAA3F /* mafia_gunshot.wav in Resources */,
				D4D413183F5E98752710A319 /* police_siren.wav in Resources */,
				8CFA7C0E1EEB1C21F2EC8E4C /* wakeup_rooster.wav in Resources */,
				059D9577CDD77578FB8D6668 /* Clerk_ClerkKitUI.bundle in Resources */,
				2166B81EC218083D2E3897C3 /* PhoneNumberKit_PhoneNumberKit.bundle in Resources */,
			);
			runOnlyForDeploymentPostprocessing = 0;
		};
		786919568F70A8552C4C37DC /* Resources */ = {
			isa = PBXResourcesBuildPhase;
			buildActionMask = 2147483647;
			files = (
			);
			runOnlyForDeploymentPostprocessing = 0;
		};
/* End PBXResourcesBuildPhase section */

/* Begin PBXSourcesBuildPhase section */
		1388D71B98471B769BD5537C /* Sources */ = {
			isa = PBXSourcesBuildPhase;
			buildActionMask = 2147483647;
			files = (
				7E0436564F059661C7389B68 /* GameStoreTests.swift in Sources */,
			);
			runOnlyForDeploymentPostprocessing = 0;
		};
		3C178EA4127A84AD6E6C0269 /* Sources */ = {
			isa = PBXSourcesBuildPhase;
			buildActionMask = 2147483647;
			files = (
				A9AFFE74FF17C85E80B9511E /* mafia_managerApp.swift in Sources */,
				04E4D792A65C66A24D14B801 /* UserProfile.swift in Sources */,
				331020CC377FD3AF71B1EEC6 /* AuthService.swift in Sources */,
				4C3162B123466DC5D135783E /* KeychainHelper.swift in Sources */,
				6EAFB13A8178319479569611 /* AuthStore.swift in Sources */,
				D563BF5CB4609C6D7F7271D4 /* ConvexConfig.swift in Sources */,
				602CB5498C6326B83015E9CD /* ConvexService.swift in Sources */,
				B333DCD77DC8907AD2E2730C /* DatabaseService.swift in Sources */,
				6ADBA6DEFBEF5826E79CA270 /* PrivacyBlurView.swift in Sources */,
				8EE0283423A9691F5BF0973A /* RoleCardPalette.swift in Sources */,
				514C218982C30EDB43D97286 /* DayAction.swift in Sources */,
				139CC9C753980BD67A93A8D4 /* GameState.swift in Sources */,
				AC5419012FDDBE7EF33DD152 /* NightAction.swift in Sources */,
				B07908C35C3CAC88AAEA6037 /* Player.swift in Sources */,
				0B14FA9099E8CAF1BC3BEF4A /* Role.swift in Sources */,
				376D1A9BD056679FCBDDD002 /* VotingSession.swift in Sources */,
				2F26C1EB6E25BDFB6E237684 /* BotDecisionService.swift in Sources */,
				0837AC63C3F82DFF3F92E1BA /* Persistence.swift in Sources */,
				C7B2708C755F2445217C42DB /* SoundManager.swift in Sources */,
				30A7AE600932A97270627241 /* GameStore.swift in Sources */,
				F022798F4DEA8B67EC479990 /* GameAction.swift in Sources */,
				DE14F4C36F14D19CE667D9C3 /* GameSession.swift in Sources */,
				854B909A0224CF6D8B90AB9F /* SessionPlayer.swift in Sources */,
				EF6F2FA6D6F712F0A62194A1 /* RealtimeEventProcessor.swift in Sources */,
				DD1B46FCC0BAE881F57CFE3E /* RealtimeService.swift in Sources */,
				70828131B35C3A7070C2474B /* SessionService.swift in Sources */,
				DF5FEB68B0A0BEC029B46E6A /* MultiplayerGameStore.swift in Sources */,
				3CB27754554CB43196F0F348 /* CustomRoleConfig.swift in Sources */,
				C707D045A2965A3BA3E4E8C8 /* PlayerGroup.swift in Sources */,
				C00F253B9EB59251418EA344 /* PlayerStats.swift in Sources */,
				4C7393FE0B54B9D0B823639D /* InputValidator.swift in Sources */,
				947419F20D8B7FFA150CFD98 /* DesignSystem.swift in Sources */,
				11535EA64011F2FB0A9E35F3 /* RoleStyle.swift in Sources */,
				4EF20B8C4446D8F01CA6D2CC /* TuistAssets+MafiaManager.swift in Sources */,
				9FB2B67C7C377A94F8A3E56B /* TuistBundle+MafiaManager.swift in Sources */,
				313064B90424AAFF9A3DE068 /* AssignmentsView.swift in Sources */,
				4D3FAF1B36283DC21B7BA41F /* RoleRevealView.swift in Sources */,
				5FF8B0BD3F82A25F6BC3F0E9 /* GuestNameInputView.swift in Sources */,
				6B367CDDFA0740AB91DAAA07 /* LoginView.swift in Sources */,
				3C83257DD6DEE4A69068B72F /* ProfileView.swift in Sources */,
				6C7043C8973F448FDD64810C /* QuickStartSheet.swift in Sources */,
				B08D17CDFDA0E52A0587DC28 /* SignupVerificationView.swift in Sources */,
				F9EB9A98FE2B92DE7DB3C415 /* SignupView.swift in Sources */,
				2FDF41624966681C55F048BB /* GameOverView.swift in Sources */,
				A15338C72F1DC085F341CC54 /* IntroView.swift in Sources */,
				9272DE22EC2BAF070A67763D /* DeathRevealView.swift in Sources */,
				53327646E2CD9749F25499F6 /* MorningSummaryView.swift in Sources */,
				F9A4647F261493B6A730BCDC /* CreateGameView.swift in Sources */,
				80C560C8F7FAB5279235818F /* GameModeSelectionView.swift in Sources */,
				2D580A095C0D6CC57E0C0D58 /* JoinGameView.swift in Sources */,
				2CCA8E76A0D1B55045018BD5 /* MultiplayerMenuView.swift in Sources */,
				C0CD25D5121EDDEE526A2A85 /* MultiplayerGameOverView.swift in Sources */,
				8B0804959399A8A22A92447E /* MultiplayerLobbyView.swift in Sources */,
				EAA651F1E9998C20D06D3A04 /* MultiplayerNightView.swift in Sources */,
				363E3E7B602285A6E3781B84 /* MultiplayerRoleRevealView.swift in Sources */,
				245F9BA4FBA182015AF964AF /* MultiplayerVoteDeathRevealView.swift in Sources */,
				75763BFC49D4E331209B7CC6 /* MultiplayerVotingResultsView.swift in Sources */,
				611BDDBC1D31698850EA0E97 /* MultiplayerVotingView.swift in Sources */,
				530AC54E73D5587F77BC8679 /* NightOutcomeView.swift in Sources */,
				A4A19DB905BF3B6B918C7475 /* NightPhaseView.swift in Sources */,
				156180B7C9E1408A04654CDD /* NightWakeUpView.swift in Sources */,
				F60EC272F8B07D86BAD26405 /* SettingsView.swift in Sources */,
				4D56388561282EE98D29C484 /* SetupView.swift in Sources */,
				E30749DC29F0FAF4CE745F17 /* CustomRolesView.swift in Sources */,
				E03F00E3542505250BB85AD4 /* PlayerGroupsView.swift in Sources */,
				636196ED757F112DA940B40F /* PlayerStatsView.swift in Sources */,
				AF25EC67F87A8384BDA3ECDE /* BotVotingRevealView.swift in Sources */,
				9CE5EE9A7CBE4FE44E17CA31 /* VoteResultsView.swift in Sources */,
				5B1D1D3456F7CA08560C6C2A /* VotingView.swift in Sources */,
			);
			runOnlyForDeploymentPostprocessing = 0;
		};
/* End PBXSourcesBuildPhase section */

/* Begin PBXTargetDependency section */
		5E5E6AF41DE9FD9934E42307 /* PBXTargetDependency */ = {
			isa = PBXTargetDependency;
			name = mafia_manager;
			target = 4BCE0AA2F37AE4A3B0FFD8EA /* mafia_manager */;
			targetProxy = 8FF5F3258130BBDB68BD67E4 /* PBXContainerItemProxy */;
		};
/* End PBXTargetDependency section */

/* Begin XCBuildConfiguration section */
		06BF6FBC5A94A2CCAB58E442 /* Release */ = {
			isa = XCBuildConfiguration;
			buildSettings = {
				ASSETCATALOG_COMPILER_APPICON_NAME = AppIcon;
				ASSETCATALOG_COMPILER_GLOBAL_ACCENT_COLOR_NAME = AccentColor;
				CODE_SIGN_IDENTITY = "iPhone Developer";
				ENABLE_PREVIEWS = YES;
				FRAMEWORK_SEARCH_PATHS = (
					"$(inherited)",
					"$(SRCROOT)/Tuist/.build/checkouts/convex-swift",
				);
				INFOPLIST_FILE = "Derived/InfoPlists/mafia_manager-Info.plist";
				IPHONEOS_DEPLOYMENT_TARGET = 18.0;
				LD_RUNPATH_SEARCH_PATHS = (
					"$(inherited)",
					"@executable_path/Frameworks",
				);
				OTHER_LDFLAGS = (
					"$(inherited)",
					"-L$(DT_TOOLCHAIN_DIR)/usr/lib/swift/$(PLATFORM_NAME)",
				);
				PRODUCT_BUNDLE_IDENTIFIER = com.hamza5645.mafia;
				PRODUCT_NAME = mafia_manager;
				SDKROOT = iphoneos;
				SUPPORTS_MACCATALYST = NO;
				SUPPORTS_MAC_DESIGNED_FOR_IPHONE_IPAD = NO;
				SUPPORTS_XR_DESIGNED_FOR_IPHONE_IPAD = NO;
				SWIFT_COMPILATION_MODE = wholemodule;
				SWIFT_OPTIMIZATION_LEVEL = "-O";
				SWIFT_VERSION = 5.0;
				TARGETED_DEVICE_FAMILY = "1,2";
			};
			name = Release;
		};
		72042B9E993BF28CBD1FB749 /* Debug */ = {
			isa = XCBuildConfiguration;
			buildSettings = {
				ALWAYS_SEARCH_USER_PATHS = NO;
				CLANG_ANALYZER_LOCALIZABILITY_NONLOCALIZED = YES;
				CLANG_ANALYZER_NONNULL = YES;
				CLANG_ANALYZER_NUMBER_OBJECT_CONVERSION = YES_AGGRESSIVE;
				CLANG_CXX_LANGUAGE_STANDARD = "gnu++14";
				CLANG_CXX_LIBRARY = "libc++";
				CLANG_ENABLE_MODULES = YES;
				CLANG_ENABLE_OBJC_ARC = YES;
				CLANG_ENABLE_OBJC_WEAK = YES;
				CLANG_WARN_BLOCK_CAPTURE_AUTORELEASING = YES;
				CLANG_WARN_BOOL_CONVERSION = YES;
				CLANG_WARN_COMMA = YES;
				CLANG_WARN_CONSTANT_CONVERSION = YES;
				CLANG_WARN_DEPRECATED_OBJC_IMPLEMENTATIONS = YES;
				CLANG_WARN_DIRECT_OBJC_ISA_USAGE = YES_ERROR;
				CLANG_WARN_DOCUMENTATION_COMMENTS = YES;
				CLANG_WARN_EMPTY_BODY = YES;
				CLANG_WARN_ENUM_CONVERSION = YES;
				CLANG_WARN_INFINITE_RECURSION = YES;
				CLANG_WARN_INT_CONVERSION = YES;
				CLANG_WARN_NON_LITERAL_NULL_CONVERSION = YES;
				CLANG_WARN_OBJC_IMPLICIT_RETAIN_SELF = YES;
				CLANG_WARN_OBJC_LITERAL_CONVERSION = YES;
				CLANG_WARN_OBJC_ROOT_CLASS = YES_ERROR;
				CLANG_WARN_QUOTED_INCLUDE_IN_FRAMEWORK_HEADER = YES;
				CLANG_WARN_RANGE_LOOP_ANALYSIS = YES;
				CLANG_WARN_STRICT_PROTOTYPES = YES;
				CLANG_WARN_SUSPICIOUS_MOVE = YES;
				CLANG_WARN_UNGUARDED_AVAILABILITY = YES_AGGRESSIVE;
				CLANG_WARN_UNREACHABLE_CODE = YES;
				CLANG_WARN__DUPLICATE_METHOD_MATCH = YES;
				CODE_SIGN_STYLE = Automatic;
				COPY_PHASE_STRIP = NO;
				CURRENT_PROJECT_VERSION = 10;
				DEAD_CODE_STRIPPING = YES;
				DEBUG_INFORMATION_FORMAT = dwarf;
				DEVELOPMENT_TEAM = 5GH22BAXAU;
				ENABLE_STRICT_OBJC_MSGSEND = YES;
				ENABLE_TESTABILITY = YES;
				GCC_C_LANGUAGE_STANDARD = gnu11;
				GCC_DYNAMIC_NO_PIC = NO;
				GCC_NO_COMMON_BLOCKS = YES;
				GCC_OPTIMIZATION_LEVEL = 0;
				GCC_PREPROCESSOR_DEFINITIONS = (
					"DEBUG=1",
					"$(inherited)",
				);
				GCC_WARN_64_TO_32_BIT_CONVERSION = YES;
				GCC_WARN_ABOUT_RETURN_TYPE = YES_ERROR;
				GCC_WARN_UNDECLARED_SELECTOR = YES;
				GCC_WARN_UNINITIALIZED_AUTOS = YES_AGGRESSIVE;
				GCC_WARN_UNUSED_FUNCTION = YES;
				GCC_WARN_UNUSED_VARIABLE = YES;
				MARKETING_VERSION = 5.0;
				MTL_ENABLE_DEBUG_INFO = YES;
				ONLY_ACTIVE_ARCH = YES;
				PRODUCT_NAME = "$(TARGET_NAME)";
				STRING_CATALOG_GENERATE_SYMBOLS = NO;
				SWIFT_DEFAULT_ACTOR_ISOLATION = MainActor;
				SWIFT_EMIT_LOC_STRINGS = NO;
				SWIFT_UPCOMING_FEATURE_MEMBER_IMPORT_VISIBILITY = YES;
			};
			name = Debug;
		};
		A7C5A411D39DF82AE16CC827 /* Release */ = {
			isa = XCBuildConfiguration;
			buildSettings = {
				BUNDLE_LOADER = "$(TEST_HOST)";
				CODE_SIGN_IDENTITY = "iPhone Developer";
				INFOPLIST_FILE = "Derived/InfoPlists/mafia_managerTests-Info.plist";
				IPHONEOS_DEPLOYMENT_TARGET = 18.0;
				LD_RUNPATH_SEARCH_PATHS = (
					"$(inherited)",
					"@executable_path/Frameworks",
					"@loader_path/Frameworks",
				);
				OTHER_LDFLAGS = (
					"$(inherited)",
					"-L$(DT_TOOLCHAIN_DIR)/usr/lib/swift/$(PLATFORM_NAME)",
				);
				PRODUCT_BUNDLE_IDENTIFIER = com.hamza5645.mafiaTests;
				PRODUCT_NAME = mafia_managerTests;
				SDKROOT = iphoneos;
				SUPPORTS_MACCATALYST = NO;
				SUPPORTS_MAC_DESIGNED_FOR_IPHONE_IPAD = NO;
				SUPPORTS_XR_DESIGNED_FOR_IPHONE_IPAD = NO;
				SWIFT_COMPILATION_MODE = wholemodule;
				SWIFT_OPTIMIZATION_LEVEL = "-O";
				SWIFT_VERSION = 5.0;
				TARGETED_DEVICE_FAMILY = "1,2";
				TEST_HOST = "$(BUILT_PRODUCTS_DIR)/mafia_manager.app/$(BUNDLE_EXECUTABLE_FOLDER_PATH)/mafia_manager";
				TEST_TARGET_NAME = mafia_manager;
			};
			name = Release;
		};
		A7FC7D091C966D3C7099161B /* Debug */ = {
			isa = XCBuildConfiguration;
			buildSettings = {
				ASSETCATALOG_COMPILER_APPICON_NAME = AppIcon;
				ASSETCATALOG_COMPILER_GLOBAL_ACCENT_COLOR_NAME = AccentColor;
				CODE_SIGN_IDENTITY = "iPhone Developer";
				ENABLE_PREVIEWS = YES;
				FRAMEWORK_SEARCH_PATHS = (
					"$(inherited)",
					"$(SRCROOT)/Tuist/.build/checkouts/convex-swift",
				);
				INFOPLIST_FILE = "Derived/InfoPlists/mafia_manager-Info.plist";
				IPHONEOS_DEPLOYMENT_TARGET = 18.0;
				LD_RUNPATH_SEARCH_PATHS = (
					"$(inherited)",
					"@executable_path/Frameworks",
				);
				OTHER_LDFLAGS = (
					"$(inherited)",
					"-L$(DT_TOOLCHAIN_DIR)/usr/lib/swift/$(PLATFORM_NAME)",
				);
				PRODUCT_BUNDLE_IDENTIFIER = com.hamza5645.mafia;
				PRODUCT_NAME = mafia_manager;
				SDKROOT = iphoneos;
				SUPPORTS_MACCATALYST = NO;
				SUPPORTS_MAC_DESIGNED_FOR_IPHONE_IPAD = NO;
				SUPPORTS_XR_DESIGNED_FOR_IPHONE_IPAD = NO;
				SWIFT_ACTIVE_COMPILATION_CONDITIONS = (
					"$(inherited)",
					DEBUG,
				);
				SWIFT_COMPILATION_MODE = singlefile;
				SWIFT_OPTIMIZATION_LEVEL = "-Onone";
				SWIFT_VERSION = 5.0;
				TARGETED_DEVICE_FAMILY = "1,2";
			};
			name = Debug;
		};
		ACCEF5866E2243A72AF214EE /* Release */ = {
			isa = XCBuildConfiguration;
			buildSettings = {
				ALWAYS_SEARCH_USER_PATHS = NO;
				CLANG_ANALYZER_LOCALIZABILITY_NONLOCALIZED = YES;
				CLANG_ANALYZER_NONNULL = YES;
				CLANG_ANALYZER_NUMBER_OBJECT_CONVERSION = YES_AGGRESSIVE;
				CLANG_CXX_LANGUAGE_STANDARD = "gnu++14";
				CLANG_CXX_LIBRARY = "libc++";
				CLANG_ENABLE_MODULES = YES;
				CLANG_ENABLE_OBJC_ARC = YES;
				CLANG_ENABLE_OBJC_WEAK = YES;
				CLANG_WARN_BLOCK_CAPTURE_AUTORELEASING = YES;
				CLANG_WARN_BOOL_CONVERSION = YES;
				CLANG_WARN_COMMA = YES;
				CLANG_WARN_CONSTANT_CONVERSION = YES;
				CLANG_WARN_DEPRECATED_OBJC_IMPLEMENTATIONS = YES;
				CLANG_WARN_DIRECT_OBJC_ISA_USAGE = YES_ERROR;
				CLANG_WARN_DOCUMENTATION_COMMENTS = YES;
				CLANG_WARN_EMPTY_BODY = YES;
				CLANG_WARN_ENUM_CONVERSION = YES;
				CLANG_WARN_INFINITE_RECURSION = YES;
				CLANG_WARN_INT_CONVERSION = YES;
				CLANG_WARN_NON_LITERAL_NULL_CONVERSION = YES;
				CLANG_WARN_OBJC_IMPLICIT_RETAIN_SELF = YES;
				CLANG_WARN_OBJC_LITERAL_CONVERSION = YES;
				CLANG_WARN_OBJC_ROOT_CLASS = YES_ERROR;
				CLANG_WARN_QUOTED_INCLUDE_IN_FRAMEWORK_HEADER = YES;
				CLANG_WARN_RANGE_LOOP_ANALYSIS = YES;
				CLANG_WARN_STRICT_PROTOTYPES = YES;
				CLANG_WARN_SUSPICIOUS_MOVE = YES;
				CLANG_WARN_UNGUARDED_AVAILABILITY = YES_AGGRESSIVE;
				CLANG_WARN_UNREACHABLE_CODE = YES;
				CLANG_WARN__DUPLICATE_METHOD_MATCH = YES;
				CODE_SIGN_STYLE = Automatic;
				COPY_PHASE_STRIP = NO;
				CURRENT_PROJECT_VERSION = 10;
				DEAD_CODE_STRIPPING = YES;
				DEBUG_INFORMATION_FORMAT = "dwarf-with-dsym";
				DEVELOPMENT_TEAM = 5GH22BAXAU;
				ENABLE_NS_ASSERTIONS = NO;
				ENABLE_STRICT_OBJC_MSGSEND = YES;
				GCC_C_LANGUAGE_STANDARD = gnu11;
				GCC_NO_COMMON_BLOCKS = YES;
				GCC_WARN_64_TO_32_BIT_CONVERSION = YES;
				GCC_WARN_ABOUT_RETURN_TYPE = YES_ERROR;
				GCC_WARN_UNDECLARED_SELECTOR = YES;
				GCC_WARN_UNINITIALIZED_AUTOS = YES_AGGRESSIVE;
				GCC_WARN_UNUSED_FUNCTION = YES;
				GCC_WARN_UNUSED_VARIABLE = YES;
				MARKETING_VERSION = 5.0;
				MTL_ENABLE_DEBUG_INFO = NO;
				PRODUCT_NAME = "$(TARGET_NAME)";
				STRING_CATALOG_GENERATE_SYMBOLS = NO;
				SWIFT_DEFAULT_ACTOR_ISOLATION = MainActor;
				SWIFT_EMIT_LOC_STRINGS = NO;
				SWIFT_UPCOMING_FEATURE_MEMBER_IMPORT_VISIBILITY = YES;
				VALIDATE_PRODUCT = YES;
			};
			name = Release;
		};
		F5BCC4C831009831CA210D4E /* Debug */ = {
			isa = XCBuildConfiguration;
			buildSettings = {
				BUNDLE_LOADER = "$(TEST_HOST)";
				CODE_SIGN_IDENTITY = "iPhone Developer";
				INFOPLIST_FILE = "Derived/InfoPlists/mafia_managerTests-Info.plist";
				IPHONEOS_DEPLOYMENT_TARGET = 18.0;
				LD_RUNPATH_SEARCH_PATHS = (
					"$(inherited)",
					"@executable_path/Frameworks",
					"@loader_path/Frameworks",
				);
				OTHER_LDFLAGS = (
					"$(inherited)",
					"-L$(DT_TOOLCHAIN_DIR)/usr/lib/swift/$(PLATFORM_NAME)",
				);
				PRODUCT_BUNDLE_IDENTIFIER = com.hamza5645.mafiaTests;
				PRODUCT_NAME = mafia_managerTests;
				SDKROOT = iphoneos;
				SUPPORTS_MACCATALYST = NO;
				SUPPORTS_MAC_DESIGNED_FOR_IPHONE_IPAD = NO;
				SUPPORTS_XR_DESIGNED_FOR_IPHONE_IPAD = NO;
				SWIFT_ACTIVE_COMPILATION_CONDITIONS = (
					"$(inherited)",
					DEBUG,
				);
				SWIFT_COMPILATION_MODE = singlefile;
				SWIFT_OPTIMIZATION_LEVEL = "-Onone";
				SWIFT_VERSION = 5.0;
				TARGETED_DEVICE_FAMILY = "1,2";
				TEST_HOST = "$(BUILT_PRODUCTS_DIR)/mafia_manager.app/$(BUNDLE_EXECUTABLE_FOLDER_PATH)/mafia_manager";
				TEST_TARGET_NAME = mafia_manager;
			};
			name = Debug;
		};
/* End XCBuildConfiguration section */

/* Begin XCConfigurationList section */
		156203DDC740912E6BC22577 /* Build configuration list for PBXProject "mafia_manager" */ = {
			isa = XCConfigurationList;
			buildConfigurations = (
				72042B9E993BF28CBD1FB749 /* Debug */,
				ACCEF5866E2243A72AF214EE /* Release */,
			);
			defaultConfigurationIsVisible = 0;
			defaultConfigurationName = Release;
		};
		6521977376260E99C8563FED /* Build configuration list for PBXNativeTarget "mafia_managerTests" */ = {
			isa = XCConfigurationList;
			buildConfigurations = (
				F5BCC4C831009831CA210D4E /* Debug */,
				A7C5A411D39DF82AE16CC827 /* Release */,
			);
			defaultConfigurationIsVisible = 0;
			defaultConfigurationName = Release;
		};
		CC0FEA5D326FA62F5F8BFD26 /* Build configuration list for PBXNativeTarget "mafia_manager" */ = {
			isa = XCConfigurationList;
			buildConfigurations = (
				A7FC7D091C966D3C7099161B /* Debug */,
				06BF6FBC5A94A2CCAB58E442 /* Release */,
			);
			defaultConfigurationIsVisible = 0;
			defaultConfigurationName = Release;
		};
/* End XCConfigurationList section */
	};
	rootObject = 15E10EA86426C8B1692DD178 /* Project object */;
}
