<?xml version="1.0" encoding="UTF-8"?>
<Scheme
   LastUpgradeVersion = "1010"
   version = "1.3">
   <BuildAction
      parallelizeBuildables = "YES"
      buildImplicitDependencies = "YES">
      <BuildActionEntries>
         <BuildActionEntry
            buildForTesting = "YES"
            buildForRunning = "YES"
            buildForProfiling = "YES"
            buildForArchiving = "YES"
            buildForAnalyzing = "YES">
            <BuildableReference
               BuildableIdentifier = "primary"
               BlueprintIdentifier = "4C2707005805DC22C55BCD26"
               BuildableName = "ClerkConvex.framework"
               BlueprintName = "ClerkConvex"
               ReferencedContainer = "container:Vendor/clerk-convex-swift/ClerkConvex.xcodeproj">
            </BuildableReference>
         </BuildActionEntry>
         <BuildActionEntry
            buildForTesting = "YES"
            buildForRunning = "YES"
            buildForProfiling = "YES"
            buildForArchiving = "YES"
            buildForAnalyzing = "YES">
            <BuildableReference
               BuildableIdentifier = "primary"
               BlueprintIdentifier = "1FC263ABF632A82C109B399C"
               BuildableName = "ClerkKit.framework"
               BlueprintName = "ClerkKit"
               ReferencedContainer = "container:Tuist/.build/tuist-derived/Clerk/Clerk.xcodeproj">
            </BuildableReference>
         </BuildActionEntry>
         <BuildActionEntry
            buildForTesting = "YES"
            buildForRunning = "YES"
            buildForProfiling = "YES"
            buildForArchiving = "YES"
            buildForAnalyzing = "YES">
            <BuildableReference
               BuildableIdentifier = "primary"
               BlueprintIdentifier = "0A989CEFD1EF89E4FEBB5341"
               BuildableName = "ClerkKitUI.framework"
               BlueprintName = "ClerkKitUI"
               ReferencedContainer = "container:Tuist/.build/tuist-derived/Clerk/Clerk.xcodeproj">
            </BuildableReference>
         </BuildActionEntry>
         <BuildActionEntry
            buildForTesting = "YES"
            buildForRunning = "YES"
            buildForProfiling = "YES"
            buildForArchiving = "YES"
            buildForAnalyzing = "YES">
            <BuildableReference
               BuildableIdentifier = "primary"
               BlueprintIdentifier = "30F69CFC41D5C0F6A0508CF2"
               BuildableName = "Clerk_ClerkKitUI.bundle"
               BlueprintName = "Clerk_ClerkKitUI"
               ReferencedContainer = "container:Tuist/.build/tuist-derived/Clerk/Clerk.xcodeproj">
            </BuildableReference>
         </BuildActionEntry>
         <BuildActionEntry
            buildForTesting = "YES"
            buildForRunning = "YES"
            buildForProfiling = "YES"
            buildForArchiving = "YES"
            buildForAnalyzing = "YES">
            <BuildableReference
               BuildableIdentifier = "primary"
               BlueprintIdentifier = "F4586D8802454FD886B4F47D"
               BuildableName = "ConvexMobile.framework"
               BlueprintName = "ConvexMobile"
               ReferencedContainer = "container:Tuist/.build/tuist-derived/ConvexMobile/ConvexMobile.xcodeproj">
            </BuildableReference>
         </BuildActionEntry>
         <BuildActionEntry
            buildForTesting = "YES"
            buildForRunning = "YES"
            buildForProfiling = "YES"
            buildForArchiving = "YES"
            buildForAnalyzing = "YES">
            <BuildableReference
               BuildableIdentifier = "primary"
               BlueprintIdentifier = "C9E0BC78A0E529700E4AF196"
               BuildableName = "Nuke.framework"
               BlueprintName = "Nuke"
               ReferencedContainer = "container:Tuist/.build/tuist-derived/Nuke/Nuke.xcodeproj">
            </BuildableReference>
         </BuildActionEntry>
         <BuildActionEntry
            buildForTesting = "YES"
            buildForRunning = "YES"
            buildForProfiling = "YES"
            buildForArchiving = "YES"
            buildForAnalyzing = "YES">
            <BuildableReference
               BuildableIdentifier = "primary"
               BlueprintIdentifier = "A8A0A0E9D5BA015F142C1008"
               BuildableName = "NukeUI.framework"
               BlueprintName = "NukeUI"
               ReferencedContainer = "container:Tuist/.build/tuist-derived/Nuke/Nuke.xcodeproj">
            </BuildableReference>
         </BuildActionEntry>
         <BuildActionEntry
            buildForTesting = "YES"
            buildForRunning = "YES"
            buildForProfiling = "YES"
            buildForArchiving = "YES"
            buildForAnalyzing = "YES">
            <BuildableReference
               BuildableIdentifier = "primary"
               BlueprintIdentifier = "1741F01BD3237B2ED5E79CAA"
               BuildableName = "PhoneNumberKit.framework"
               BlueprintName = "PhoneNumberKit"
               ReferencedContainer = "container:Tuist/.build/tuist-derived/PhoneNumberKit/PhoneNumberKit.xcodeproj">
            </BuildableReference>
         </BuildActionEntry>
         <BuildActionEntry
            buildForTesting = "YES"
            buildForRunning = "YES"
            buildForProfiling = "YES"
            buildForArchiving = "YES"
            buildForAnalyzing = "YES">
            <BuildableReference
               BuildableIdentifier = "primary"
               BlueprintIdentifier = "83598B6BD92316243CB15C1F"
               BuildableName = "PhoneNumberKit_PhoneNumberKit.bundle"
               BlueprintName = "PhoneNumberKit_PhoneNumberKit"
               ReferencedContainer = "container:Tuist/.build/tuist-derived/PhoneNumberKit/PhoneNumberKit.xcodeproj">
            </BuildableReference>
         </BuildActionEntry>
         <BuildActionEntry
            buildForTesting = "YES"
            buildForRunning = "YES"
            buildForProfiling = "YES"
            buildForArchiving = "YES"
            buildForAnalyzing = "YES">
            <BuildableReference
               BuildableIdentifier = "primary"
               BlueprintIdentifier = "82F3CF71D9D833799B7DCF51"
               BuildableName = "UniFFI.framework"
               BlueprintName = "UniFFI"
               ReferencedContainer = "container:Tuist/.build/tuist-derived/ConvexMobile/ConvexMobile.xcodeproj">
            </BuildableReference>
         </BuildActionEntry>
         <BuildActionEntry
            buildForTesting = "YES"
            buildForRunning = "YES"
            buildForProfiling = "YES"
            buildForArchiving = "YES"
            buildForAnalyzing = "YES">
            <BuildableReference
               BuildableIdentifier = "primary"
               BlueprintIdentifier = "4BCE0AA2F37AE4A3B0FFD8EA"
               BuildableName = "mafia_manager.app"
               BlueprintName = "mafia_manager"
               ReferencedContainer = "container:mafia_manager.xcodeproj">
            </BuildableReference>
         </BuildActionEntry>
         <BuildActionEntry
            buildForTesting = "YES"
            buildForRunning = "YES"
            buildForProfiling = "YES"
            buildForArchiving = "YES"
            buildForAnalyzing = "YES">
            <BuildableReference
               BuildableIdentifier = "primary"
               BlueprintIdentifier = "64A58C8A53D161D0214B2BCC"
               BuildableName = "mafia_managerTests.xctest"
               BlueprintName = "mafia_managerTests"
               ReferencedContainer = "container:mafia_manager.xcodeproj">
            </BuildableReference>
         </BuildActionEntry>
      </BuildActionEntries>
   </BuildAction>
   <TestAction
      buildConfiguration = "Debug"
      selectedDebuggerIdentifier = "Xcode.DebuggerFoundation.Debugger.LLDB"
      selectedLauncherIdentifier = "Xcode.DebuggerFoundation.Launcher.LLDB"
      shouldUseLaunchSchemeArgsEnv = "YES">
      <Testables>
         <TestableReference
            skipped = "NO"
            parallelizable = "NO">
            <BuildableReference
               BuildableIdentifier = "primary"
               BlueprintIdentifier = "64A58C8A53D161D0214B2BCC"
               BuildableName = "mafia_managerTests.xctest"
               BlueprintName = "mafia_managerTests"
               ReferencedContainer = "container:mafia_manager.xcodeproj">
            </BuildableReference>
         </TestableReference>
      </Testables>
   </TestAction>
   <LaunchAction
      buildConfiguration = "Debug"
      selectedDebuggerIdentifier = "Xcode.DebuggerFoundation.Debugger.LLDB"
      selectedLauncherIdentifier = "Xcode.DebuggerFoundation.Launcher.LLDB"
      launchStyle = "0"
      useCustomWorkingDirectory = "NO"
      ignoresPersistentStateOnLaunch = "NO"
      debugDocumentVersioning = "YES"
      debugServiceExtension = "internal"
      allowLocationSimulation = "YES">
      <MacroExpansion>
         <BuildableReference
            BuildableIdentifier = "primary"
            BlueprintIdentifier = "4C2707005805DC22C55BCD26"
            BuildableName = "ClerkConvex.framework"
            BlueprintName = "ClerkConvex"
            ReferencedContainer = "container:Vendor/clerk-convex-swift/ClerkConvex.xcodeproj">
         </BuildableReference>
      </MacroExpansion>
   </LaunchAction>
   <ProfileAction
      buildConfiguration = "Release"
      shouldUseLaunchSchemeArgsEnv = "YES"
      savedToolIdentifier = ""
      useCustomWorkingDirectory = "NO"
      debugDocumentVersioning = "YES">
      <MacroExpansion>
         <BuildableReference
            BuildableIdentifier = "primary"
            BlueprintIdentifier = "4C2707005805DC22C55BCD26"
            BuildableName = "ClerkConvex.framework"
            BlueprintName = "ClerkConvex"
            ReferencedContainer = "container:Vendor/clerk-convex-swift/ClerkConvex.xcodeproj">
         </BuildableReference>
      </MacroExpansion>
   </ProfileAction>
   <AnalyzeAction
      buildConfiguration = "Debug">
   </AnalyzeAction>
   <ArchiveAction
      buildConfiguration = "Release"
      revealArchiveInOrganizer = "YES">
   </ArchiveAction>
</Scheme>
